
Microsoft Visual Studio Solution File, Format Version 12.00
# Visual Studio Version 17
VisualStudioVersion = 17.13.35919.96 d17.13
MinimumVisualStudioVersion = 10.0.40219.1
Project("{FAE04EC0-301F-11D3-BF4B-00C04F79EFBC}") = "SoftwareCenter.Api", "SoftwareCenter.Api\SoftwareCenter.Api.csproj", "{079D867F-157D-4D9D-82E9-DE76CF61A89A}"
EndProject
Project("{FAE04EC0-301F-11D3-BF4B-00C04F79EFBC}") = "SoftwareCenter.Tests", "SoftwareCenter.Tests\SoftwareCenter.Tests.csproj", "{80278354-1A67-477C-8874-D5546A884AE8}"
EndProject
Global
	GlobalSection(SolutionConfigurationPlatforms) = preSolution
		Debug|Any CPU = Debug|Any CPU
		Release|Any CPU = Release|Any CPU
	EndGlobalSection
	GlobalSection(ProjectConfigurationPlatforms) = postSolution
		{079D867F-157D-4D9D-82E9-DE76CF61A89A}.Debug|Any CPU.ActiveCfg = Debug|Any CPU
		{079D867F-157D-4D9D-82E9-DE76CF61A89A}.Debug|Any CPU.Build.0 = Debug|Any CPU
		{079D867F-157D-4D9D-82E9-DE76CF61A89A}.Release|Any CPU.ActiveCfg = Release|Any CPU
		{079D867F-157D-4D9D-82E9-DE76CF61A89A}.Release|Any CPU.Build.0 = Release|Any CPU
		{80278354-1A67-477C-8874-D5546A884AE8}.Debug|Any CPU.ActiveCfg = Debug|Any CPU
		{80278354-1A67-477C-8874-D5546A884AE8}.Debug|Any CPU.Build.0 = Debug|Any CPU
		{80278354-1A67-477C-8874-D5546A884AE8}.Release|Any CPU.ActiveCfg = Release|Any CPU
		{80278354-1A67-477C-8874-D5546A884AE8}.Release|Any CPU.Build.0 = Release|Any CPU
	EndGlobalSection
	GlobalSection(SolutionProperties) = preSolution
		HideSolutionNode = FALSE
	EndGlobalSection
	GlobalSection(ExtensibilityGlobals) = postSolution
		SolutionGuid = {DC2C5A89-8FF2-4438-96BB-BD0912817CBC}
	EndGlobalSection
EndGlobal
